<?xml version="1.0" encoding="utf-8"?>
<Project ToolsVersion="4.0" xmlns="http://schemas.microsoft.com/developer/msbuild/2003">
  <ItemGroup>
    <Filter Include="Source Files">
      <UniqueIdentifier>{2997455e-a1e0-43c3-8efa-b2b14f6f8c0c}</UniqueIdentifier>
      <Extensions>cpp;c;cxx;rc;def;r;odl;idl;hpj;bat</Extensions>
    </Filter>
    <Filter Include="Header Files">
      <UniqueIdentifier>{6d96b843-a859-4cb3-9e08-2e0ae1fffc4d}</UniqueIdentifier>
      <Extensions>h;hpp;hxx;hm;inl</Extensions>
    </Filter>
    <Filter Include="Resource Files">
      <UniqueIdentifier>{c5350de7-4cdf-4189-9685-201c037cd7c3}</UniqueIdentifier>
      <Extensions>ico;cur;bmp;dlg;rc2;rct;bin;rgs;gif;jpg;jpeg;jpe</Extensions>
    </Filter>
    <Filter Include="xList">
      <UniqueIdentifier>{b9164163-2c6b-4d77-92c5-5d30ad97d780}</UniqueIdentifier>
      <Extensions>cpp</Extensions>
    </Filter>
  </ItemGroup>
  <ItemGroup>
    <ClCompile Include="BfTransfer.cpp">
      <Filter>Source Files</Filter>
    </ClCompile>
    <ClCompile Include="DIYCtrl\ColorStatic.cpp">
      <Filter>Source Files</Filter>
    </ClCompile>
    <ClCompile Include="DIYCtrl\ComboEx.cpp">
      <Filter>Source Files</Filter>
    </ClCompile>
    <ClCompile Include="DlgModPass.cpp">
      <Filter>Source Files</Filter>
    </ClCompile>
    <ClCompile Include="DlgNetSel.cpp">
      <Filter>Source Files</Filter>
    </ClCompile>
    <ClCompile Include="DlgQryHiSet.cpp">
      <Filter>Source Files</Filter>
    </ClCompile>
    <ClCompile Include="GenMfDlg.cpp">
      <Filter>Source Files</Filter>
    </ClCompile>
    <ClCompile Include="LoginDlg.cpp">
      <Filter>Source Files</Filter>
    </ClCompile>
    <ClCompile Include="mdspi.cpp">
      <Filter>Source Files</Filter>
    </ClCompile>
    <ClCompile Include="DIYCtrl\MMStatusBar.cpp">
      <Filter>Source Files</Filter>
    </ClCompile>
    <ClCompile Include="NoticeDlg.cpp">
      <Filter>Source Files</Filter>
    </ClCompile>
    <ClCompile Include="NTP_helper.cpp">
      <Filter>Source Files</Filter>
    </ClCompile>
    <ClCompile Include="DIYCtrl\NumSpinCtrl.cpp">
      <Filter>Source Files</Filter>
    </ClCompile>
    <ClCompile Include="pugixml.cpp">
      <Filter>Source Files</Filter>
    </ClCompile>
    <ClCompile Include="StdAfx.cpp">
      <Filter>Source Files</Filter>
    </ClCompile>
    <ClCompile Include="TcpSocket.cpp">
      <Filter>Source Files</Filter>
    </ClCompile>
    <ClCompile Include="traderspi.cpp">
      <Filter>Source Files</Filter>
    </ClCompile>
    <ClCompile Include="DIYCtrl\XPGroupBox.cpp">
      <Filter>Source Files</Filter>
    </ClCompile>
    <ClCompile Include="xTrader.cpp">
      <Filter>Source Files</Filter>
    </ClCompile>
    <ClCompile Include="xTraderDlg.cpp">
      <Filter>Source Files</Filter>
    </ClCompile>
    <ClCompile Include="XListCtrl\XButton.cpp">
      <Filter>xList</Filter>
    </ClCompile>
    <ClCompile Include="XListCtrl\XCheckbox.cpp">
      <Filter>xList</Filter>
    </ClCompile>
    <ClCompile Include="XListCtrl\XControl.cpp">
      <Filter>xList</Filter>
    </ClCompile>
    <ClCompile Include="XListCtrl\XEdit.cpp">
      <Filter>xList</Filter>
    </ClCompile>
    <ClCompile Include="XListCtrl\XHeaderCtrl.cpp">
      <Filter>xList</Filter>
    </ClCompile>
    <ClCompile Include="XListCtrl\XListCtrl.cpp">
      <Filter>xList</Filter>
    </ClCompile>
    <ClCompile Include="XListCtrl\XThemeHelper.cpp">
      <Filter>xList</Filter>
    </ClCompile>
    <ClCompile Include="DelayMsgBox.cpp">
      <Filter>Source Files</Filter>
    </ClCompile>
    <ClCompile Include="DIYCtrl\MyCombo.cpp">
      <Filter>Source Files</Filter>
    </ClCompile>
    <ClCompile Include="DlgBfLog.cpp">
      <Filter>Source Files</Filter>
    </ClCompile>
    <ClCompile Include="DlgRecent.cpp">
      <Filter>Source Files</Filter>
    </ClCompile>
  </ItemGroup>
  <ItemGroup>
    <ResourceCompile Include="xTrader.rc">
      <Filter>Source Files</Filter>
    </ResourceCompile>
  </ItemGroup>
  <ItemGroup>
    <ClInclude Include="base64.h">
      <Filter>Header Files</Filter>
    </ClInclude>
    <ClInclude Include="BfTransfer.h">
      <Filter>Header Files</Filter>
    </ClInclude>
    <ClInclude Include="DIYCtrl\Color.h">
      <Filter>Header Files</Filter>
    </ClInclude>
    <ClInclude Include="DIYCtrl\ColorStatic.h">
      <Filter>Header Files</Filter>
    </ClInclude>
    <ClInclude Include="DIYCtrl\ComboEx.h">
      <Filter>Header Files</Filter>
    </ClInclude>
    <ClInclude Include="DlgModPass.h">
      <Filter>Header Files</Filter>
    </ClInclude>
    <ClInclude Include="DlgNetSel.h">
      <Filter>Header Files</Filter>
    </ClInclude>
    <ClInclude Include="DlgQryHiSet.h">
      <Filter>Header Files</Filter>
    </ClInclude>
    <ClInclude Include="GenMfDlg.h">
      <Filter>Header Files</Filter>
    </ClInclude>
    <ClInclude Include="global.h">
      <Filter>Header Files</Filter>
    </ClInclude>
    <ClInclude Include="LoginDlg.h">
      <Filter>Header Files</Filter>
    </ClInclude>
    <ClInclude Include="mdspi.h">
      <Filter>Header Files</Filter>
    </ClInclude>
    <ClInclude Include="DIYCtrl\MMStatusBar.h">
      <Filter>Header Files</Filter>
    </ClInclude>
    <ClInclude Include="NoticeDlg.h">
      <Filter>Header Files</Filter>
    </ClInclude>
    <ClInclude Include="DIYCtrl\NumSpinCtrl.h">
      <Filter>Header Files</Filter>
    </ClInclude>
    <ClInclude Include="pugiconfig.hpp">
      <Filter>Header Files</Filter>
    </ClInclude>
    <ClInclude Include="pugixml.hpp">
      <Filter>Header Files</Filter>
    </ClInclude>
    <ClInclude Include="Resource.h">
      <Filter>Header Files</Filter>
    </ClInclude>
    <ClInclude Include="StdAfx.h">
      <Filter>Header Files</Filter>
    </ClInclude>
    <ClInclude Include="TcpSocket.h">
      <Filter>Header Files</Filter>
    </ClInclude>
    <ClInclude Include="traderspi.h">
      <Filter>Header Files</Filter>
    </ClInclude>
    <ClInclude Include="DIYCtrl\XPGroupBox.h">
      <Filter>Header Files</Filter>
    </ClInclude>
    <ClInclude Include="xTrader.h">
      <Filter>Header Files</Filter>
    </ClInclude>
    <ClInclude Include="xTraderDlg.h">
      <Filter>Header Files</Filter>
    </ClInclude>
    <ClInclude Include="DlgRecent.h">
      <Filter>Header Files</Filter>
    </ClInclude>
  </ItemGroup>
  <ItemGroup>
    <Image Include="res\xTrader.ico">
      <Filter>Resource Files</Filter>
    </Image>
  </ItemGroup>
  <ItemGroup>
    <CustomBuild Include="res\tips.bin">
      <Filter>Resource Files</Filter>
    </CustomBuild>
    <CustomBuild Include="res\xTrader.rc2">
      <Filter>Resource Files</Filter>
    </CustomBuild>
  </ItemGroup>
  <ItemGroup>
    <Xml Include="res\xTrader.xml" />
  </ItemGroup>
  <ItemGroup>
    <None Include="res\conf.bin">
      <Filter>Resource Files</Filter>
    </None>
  </ItemGroup>
</Project>